Microsoft Visual Studio Solution File, Format Version 12.00
# Visual Studio Version 17
VisualStudioVersion = 17.5.2.0
MinimumVisualStudioVersion = 10.0.40219.1
Project("{FAE04EC0-301F-11D3-BF4B-00C04F79EFBC}") = "Otus.Prototype", "Otus.Prototype.csproj", "{0C16D82D-2480-D39B-7A77-269845A21F70}"
EndProject
Global
	GlobalSection(SolutionConfigurationPlatforms) = preSolution
		Debug|Any CPU = Debug|Any CPU
		Release|Any CPU = Release|Any CPU
	EndGlobalSection
	GlobalSection(ProjectConfigurationPlatforms) = postSolution
		{0C16D82D-2480-D39B-7A77-269845A21F70}.Debug|Any CPU.ActiveCfg = Debug|Any CPU
		{0C16D82D-2480-D39B-7A77-269845A21F70}.Debug|Any CPU.Build.0 = Debug|Any CPU
		{0C16D82D-2480-D39B-7A77-269845A21F70}.Release|Any CPU.ActiveCfg = Release|Any CPU
		{0C16D82D-2480-D39B-7A77-269845A21F70}.Release|Any CPU.Build.0 = Release|Any CPU
	EndGlobalSection
	GlobalSection(SolutionProperties) = preSolution
		HideSolutionNode = FALSE
	EndGlobalSection
	GlobalSection(ExtensibilityGlobals) = postSolution
		SolutionGuid = {383D3528-8519-428F-93A7-ADBEC3F3C7E5}
	EndGlobalSection
EndGlobal
